
Microsoft Visual Studio Solution File, Format Version 12.00
# Visual Studio Version 16
VisualStudioVersion = 16.0.29411.108
MinimumVisualStudioVersion = 10.0.40219.1
Project("{8BC9CEB8-8B4A-11D0-8D11-00A0C91BC942}") = "MidBugTest", "MidBugTest.vcxproj", "{16077BBA-C339-4F55-B511-DE35D59A4353}"
EndProject
Global
	GlobalSection(SolutionConfigurationPlatforms) = preSolution
		Debug|x64 = Debug|x64
		Debug|x86 = Debug|x86
		Release|x64 = Release|x64
		Release|x86 = Release|x86
	EndGlobalSection
	GlobalSection(ProjectConfigurationPlatforms) = postSolution
		{16077BBA-C339-4F55-B511-DE35D59A4353}.Debug|x64.ActiveCfg = Debug|x64
		{16077BBA-C339-4F55-B511-DE35D59A4353}.Debug|x64.Build.0 = Debug|x64
		{16077BBA-C339-4F55-B511-DE35D59A4353}.Debug|x86.ActiveCfg = Debug|Win32
		{16077BBA-C339-4F55-B511-DE35D59A4353}.Debug|x86.Build.0 = Debug|Win32
		{16077BBA-C339-4F55-B511-DE35D59A4353}.Release|x64.ActiveCfg = Release|x64
		{16077BBA-C339-4F55-B511-DE35D59A4353}.Release|x64.Build.0 = Release|x64
		{16077BBA-C339-4F55-B511-DE35D59A4353}.Release|x86.ActiveCfg = Release|Win32
		{16077BBA-C339-4F55-B511-DE35D59A4353}.Release|x86.Build.0 = Release|Win32
	EndGlobalSection
	GlobalSection(SolutionProperties) = preSolution
		HideSolutionNode = FALSE
	EndGlobalSection
	GlobalSection(ExtensibilityGlobals) = postSolution
		SolutionGuid = {29B7AF6A-67FC-4E49-9F38-BDF4B61A0341}
	EndGlobalSection
EndGlobal
